{
  "version": 4,
  "terraform_version": "1.3.3",
  "serial": 30,
  "lineage": "223a1169-5ac0-a612-da7b-10551de648b8",
  "outputs": {},
  "resources": [
    {
      "mode": "managed",
      "type": "hyperv_machine_instance",
      "name": "control_vm",
      "provider": "provider[\"registry.terraform.io/taliesins/hyperv\"]",
      "instances": [
        {
          "schema_version": 0,
          "attributes": {
            "automatic_critical_error_action": "Pause",
            "automatic_critical_error_action_timeout": 30,
            "automatic_start_action": "StartIfRunning",
            "automatic_start_delay": 0,
            "automatic_stop_action": "Save",
            "checkpoint_type": "Production",
            "dvd_drives": [],
            "dynamic_memory": false,
            "generation": 2,
            "guest_controlled_cache_types": false,
            "hard_disk_drives": [
              {
                "controller_location": 0,
                "controller_number": 0,
                "controller_type": "Scsi",
                "disk_number": 4294967295,
                "maximum_iops": 0,
                "minimum_iops": 0,
                "override_cache_attributes": "Default",
                "path": "C:\\Users\\Public\\Documents\\Hyper-V\\Virtual Hard Disks\\control_vm_09B33477-A75B-48F9-AE7F-3AFA94678537.avhdx",
                "qos_policy_id": "00000000-0000-0000-0000-000000000000",
                "resource_pool_name": "Primordial",
                "support_persistent_reservations": false
              }
            ],
            "high_memory_mapped_io_space": 536870912,
            "id": "control",
            "integration_services": {
              "Guest Service Interface": false,
              "Heartbeat": true,
              "Key-Value Pair Exchange": true,
              "Shutdown": true,
              "Time Synchronization": true,
              "VSS": true
            },
            "lock_on_disconnect": "Off",
            "low_memory_mapped_io_space": 134217728,
            "memory_maximum_bytes": 1099511627776,
            "memory_minimum_bytes": 536870912,
            "memory_startup_bytes": 536870912,
            "name": "control",
            "network_adaptors": [
              {
                "allow_teaming": "On",
                "device_naming": "Off",
                "dhcp_guard": "Off",
                "dynamic_ip_address_limit": 0,
                "dynamic_mac_address": true,
                "fix_speed_10g": "Off",
                "ieee_priority_tag": "Off",
                "iov_interrupt_moderation": "Off",
                "iov_queue_pairs_requested": 1,
                "iov_weight": 100,
                "ip_addresses": [],
                "ipsec_offload_maximum_security_association": 512,
                "is_legacy": false,
                "mac_address_spoofing": "Off",
                "management_os": false,
                "mandatory_feature_id": null,
                "maximum_bandwidth": 0,
                "minimum_bandwidth_absolute": 0,
                "minimum_bandwidth_weight": 0,
                "name": "Eth01",
                "not_monitored_in_cluster": false,
                "packet_direct_moderation_count": 0,
                "packet_direct_moderation_interval": 0,
                "packet_direct_num_procs": 0,
                "port_mirroring": "None",
                "resource_pool_name": "",
                "router_guard": "Off",
                "static_mac_address": "00155D01590D",
                "storm_limit": 0,
                "switch_name": "switch01",
                "test_replica_pool_name": "",
                "test_replica_switch_name": "",
                "virtual_subnet_id": 0,
                "vlan_access": false,
                "vlan_id": 0,
                "vmmq_enabled": false,
                "vmmq_queue_pairs": 16,
                "vmq_weight": 100,
                "vrss_enabled": true,
                "wait_for_ips": true
              }
            ],
            "notes": "",
            "processor_count": 1,
            "smart_paging_file_path": "C:\\ProgramData\\Microsoft\\Windows\\Hyper-V",
            "snapshot_file_location": "C:\\ProgramData\\Microsoft\\Windows\\Hyper-V",
            "state": "Running",
            "static_memory": true,
            "vm_firmware": [
              {
                "console_mode": "Default",
                "enable_secure_boot": "On",
                "pause_after_boot_failure": "Off",
                "preferred_network_boot_protocol": "IPv4",
                "secure_boot_template": "MicrosoftWindows"
              }
            ],
            "vm_processor": [
              {
                "compatibility_for_migration_enabled": false,
                "compatibility_for_older_operating_systems_enabled": false,
                "enable_host_resource_protection": false,
                "expose_virtualization_extensions": false,
                "hw_thread_count_per_core": 0,
                "maximum": 100,
                "maximum_count_per_numa_node": 12,
                "maximum_count_per_numa_socket": 1,
                "relative_weight": 100,
                "reserve": 0
              }
            ],
            "wait_for_ips_poll_period": 5,
            "wait_for_ips_timeout": 300,
            "wait_for_state_poll_period": 2,
            "wait_for_state_timeout": 120
          },
          "sensitive_attributes": [],
          "private": "bnVsbA==",
          "dependencies": [
            "hyperv_network_switch.v_switch",
            "hyperv_vhd.control_vhd"
          ]
        }
      ]
    },
    {
      "mode": "managed",
      "type": "hyperv_network_switch",
      "name": "v_switch",
      "provider": "provider[\"registry.terraform.io/taliesins/hyperv\"]",
      "instances": [
        {
          "schema_version": 0,
          "attributes": {
            "allow_management_os": true,
            "default_flow_minimum_bandwidth_absolute": 0,
            "default_flow_minimum_bandwidth_weight": 0,
            "default_queue_vmmq_enabled": false,
            "default_queue_vmmq_queue_pairs": 16,
            "default_queue_vrss_enabled": false,
            "enable_embedded_teaming": false,
            "enable_iov": false,
            "enable_packet_direct": false,
            "id": "switch01",
            "minimum_bandwidth_mode": "None",
            "name": "switch01",
            "net_adapter_names": null,
            "notes": "",
            "switch_type": "Internal"
          },
          "sensitive_attributes": [],
          "private": "bnVsbA=="
        }
      ]
    },
    {
      "mode": "managed",
      "type": "hyperv_vhd",
      "name": "control_vhd",
      "provider": "provider[\"registry.terraform.io/taliesins/hyperv\"]",
      "instances": [
        {
          "schema_version": 0,
          "attributes": {
            "block_size": 0,
            "exists": false,
            "id": "C:\\Users\\Public\\Documents\\Hyper-V\\Virtual Hard Disks\\control_vm.vhdx",
            "logical_sector_size": 0,
            "parent_path": null,
            "path": "C:\\Users\\Public\\Documents\\Hyper-V\\Virtual Hard Disks\\control_vm.vhdx",
            "physical_sector_size": 0,
            "size": 1342177280,
            "source": null,
            "source_disk": null,
            "source_vm": null,
            "vhd_type": "Fixed"
          },
          "sensitive_attributes": [],
          "private": "bnVsbA=="
        }
      ]
    }
  ],
  "check_results": []
}
